
Microsoft Visual Studio Solution File, Format Version 12.00
# Visual Studio Version 16
VisualStudioVersion = 16.0.29215.179
MinimumVisualStudioVersion = 10.0.40219.1
Project("{FAE04EC0-301F-11D3-BF4B-00C04F79EFBC}") = "ImportClient", "ImportClient\ImportClient.csproj", "{C402188B-9F5F-4AAB-93A0-83A8E5184705}"
EndProject
Global
	GlobalSection(SolutionConfigurationPlatforms) = preSolution
		Debug|Any CPU = Debug|Any CPU
		Release|Any CPU = Release|Any CPU
	EndGlobalSection
	GlobalSection(ProjectConfigurationPlatforms) = postSolution
		{C402188B-9F5F-4AAB-93A0-83A8E5184705}.Debug|Any CPU.ActiveCfg = Debug|Any CPU
		{C402188B-9F5F-4AAB-93A0-83A8E5184705}.Debug|Any CPU.Build.0 = Debug|Any CPU
		{C402188B-9F5F-4AAB-93A0-83A8E5184705}.Release|Any CPU.ActiveCfg = Release|Any CPU
		{C402188B-9F5F-4AAB-93A0-83A8E5184705}.Release|Any CPU.Build.0 = Release|Any CPU
	EndGlobalSection
	GlobalSection(SolutionProperties) = preSolution
		HideSolutionNode = FALSE
	EndGlobalSection
	GlobalSection(ExtensibilityGlobals) = postSolution
		SolutionGuid = {156A4AD6-CAC5-493D-9331-01B913918D5B}
	EndGlobalSection
EndGlobal
